
Microsoft Visual Studio Solution File, Format Version 12.00
# Visual Studio Version 16
VisualStudioVersion = 16.0.31829.152
MinimumVisualStudioVersion = 10.0.40219.1
Project("{9A19103F-16F7-4668-BE54-9A1E7A4F7556}") = "SWE2-TourPlanner", "SWE2-TourPlanner\SWE2-TourPlanner.csproj", "{6CE804A1-50BC-4F15-941B-A3200449631A}"
EndProject
Project("{9A19103F-16F7-4668-BE54-9A1E7A4F7556}") = "SWE2-TourPlannerTest", "SWE2-TourPlannerTest\SWE2-TourPlannerTest.csproj", "{1B20438B-E710-4CAE-8C7C-E17E6F4216EF}"
EndProject
Project("{9A19103F-16F7-4668-BE54-9A1E7A4F7556}") = "SWE2-TourPlanner.Models", "SWE2-TourPlanner.Models\SWE2-TourPlanner.Models.csproj", "{48AC4C62-C497-4A60-BC16-ADF8EF4BF50C}"
EndProject
Project("{9A19103F-16F7-4668-BE54-9A1E7A4F7556}") = "SWE2-TourPlanner.BusinessLayer", "SWE2-TourPlanner.BusinessLayer\SWE2-TourPlanner.BusinessLayer.csproj", "{E1064127-B409-4115-877D-AC6529869AEC}"
EndProject
Project("{FAE04EC0-301F-11D3-BF4B-00C04F79EFBC}") = "SWE2-TourPlanner.DataAccessLayer.PostgresSqlServer", "SWE2-TourPlanner.DataAccessLayer.PostgresSqlServer\SWE2-TourPlanner.DataAccessLayer.PostgresSqlServer.csproj", "{CDBE2189-9E89-4629-AE35-1EEA006C2A4B}"
EndProject
Project("{FAE04EC0-301F-11D3-BF4B-00C04F79EFBC}") = "SWE2-TourPlanner.DataAccessLayer", "SWE2-TourPlanner.DataAccessLayer\SWE2-TourPlanner.DataAccessLayer.csproj", "{76D7C9CC-79FE-4692-A19A-966B3D081026}"
EndProject
Global
	GlobalSection(SolutionConfigurationPlatforms) = preSolution
		Debug|Any CPU = Debug|Any CPU
		Release|Any CPU = Release|Any CPU
	EndGlobalSection
	GlobalSection(ProjectConfigurationPlatforms) = postSolution
		{6CE804A1-50BC-4F15-941B-A3200449631A}.Debug|Any CPU.ActiveCfg = Debug|Any CPU
		{6CE804A1-50BC-4F15-941B-A3200449631A}.Debug|Any CPU.Build.0 = Debug|Any CPU
		{6CE804A1-50BC-4F15-941B-A3200449631A}.Release|Any CPU.ActiveCfg = Release|Any CPU
		{6CE804A1-50BC-4F15-941B-A3200449631A}.Release|Any CPU.Build.0 = Release|Any CPU
		{1B20438B-E710-4CAE-8C7C-E17E6F4216EF}.Debug|Any CPU.ActiveCfg = Debug|Any CPU
		{1B20438B-E710-4CAE-8C7C-E17E6F4216EF}.Debug|Any CPU.Build.0 = Debug|Any CPU
		{1B20438B-E710-4CAE-8C7C-E17E6F4216EF}.Release|Any CPU.ActiveCfg = Release|Any CPU
		{1B20438B-E710-4CAE-8C7C-E17E6F4216EF}.Release|Any CPU.Build.0 = Release|Any CPU
		{48AC4C62-C497-4A60-BC16-ADF8EF4BF50C}.Debug|Any CPU.ActiveCfg = Debug|Any CPU
		{48AC4C62-C497-4A60-BC16-ADF8EF4BF50C}.Debug|Any CPU.Build.0 = Debug|Any CPU
		{48AC4C62-C497-4A60-BC16-ADF8EF4BF50C}.Release|Any CPU.ActiveCfg = Release|Any CPU
		{48AC4C62-C497-4A60-BC16-ADF8EF4BF50C}.Release|Any CPU.Build.0 = Release|Any CPU
		{E1064127-B409-4115-877D-AC6529869AEC}.Debug|Any CPU.ActiveCfg = Debug|Any CPU
		{E1064127-B409-4115-877D-AC6529869AEC}.Debug|Any CPU.Build.0 = Debug|Any CPU
		{E1064127-B409-4115-877D-AC6529869AEC}.Release|Any CPU.ActiveCfg = Release|Any CPU
		{E1064127-B409-4115-877D-AC6529869AEC}.Release|Any CPU.Build.0 = Release|Any CPU
		{CDBE2189-9E89-4629-AE35-1EEA006C2A4B}.Debug|Any CPU.ActiveCfg = Debug|Any CPU
		{CDBE2189-9E89-4629-AE35-1EEA006C2A4B}.Debug|Any CPU.Build.0 = Debug|Any CPU
		{CDBE2189-9E89-4629-AE35-1EEA006C2A4B}.Release|Any CPU.ActiveCfg = Release|Any CPU
		{CDBE2189-9E89-4629-AE35-1EEA006C2A4B}.Release|Any CPU.Build.0 = Release|Any CPU
		{76D7C9CC-79FE-4692-A19A-966B3D081026}.Debug|Any CPU.ActiveCfg = Debug|Any CPU
		{76D7C9CC-79FE-4692-A19A-966B3D081026}.Debug|Any CPU.Build.0 = Debug|Any CPU
		{76D7C9CC-79FE-4692-A19A-966B3D081026}.Release|Any CPU.ActiveCfg = Release|Any CPU
		{76D7C9CC-79FE-4692-A19A-966B3D081026}.Release|Any CPU.Build.0 = Release|Any CPU
	EndGlobalSection
	GlobalSection(SolutionProperties) = preSolution
		HideSolutionNode = FALSE
	EndGlobalSection
	GlobalSection(ExtensibilityGlobals) = postSolution
		SolutionGuid = {3682636B-D04C-4DC1-AE11-D754A5C4AA8F}
	EndGlobalSection
EndGlobal
